
Microsoft Visual Studio Solution File, Format Version 12.00
# Visual Studio 15
Project("{FAE04EC0-301F-11D3-BF4B-00C04F79EFBC}") = "Unity.Model", "Unity.Model.csproj", "{57D111B4-22B4-6CA1-C350-5090EBF41DC0}"
EndProject
Project("{FAE04EC0-301F-11D3-BF4B-00C04F79EFBC}") = "Unity.Hotfix", "Unity.Hotfix.csproj", "{8543BC6F-FEC6-BDFC-0BD5-AB0B4E96C57B}"
EndProject
Project("{FAE04EC0-301F-11D3-BF4B-00C04F79EFBC}") = "Unity.3rdPlugin", "Unity.3rdPlugin.csproj", "{0E07D9BD-8418-6FA4-7A89-7F6CB0E9C8B1}"
EndProject
Project("{FAE04EC0-301F-11D3-BF4B-00C04F79EFBC}") = "Unity.Combat", "Unity.Combat.csproj", "{851245F3-9EDB-471B-CFC7-69E5338159B8}"
EndProject
Project("{FAE04EC0-301F-11D3-BF4B-00C04F79EFBC}") = "Unity.CombatView", "Unity.CombatView.csproj", "{2FAE37F6-4F15-9B53-9276-F72D7B13B0A1}"
EndProject
Project("{FAE04EC0-301F-11D3-BF4B-00C04F79EFBC}") = "Unity.Editor", "Unity.Editor.csproj", "{08A34834-D4C3-53DD-6264-CCC1F0737645}"
EndProject
Global
	GlobalSection(SolutionConfigurationPlatforms) = preSolution
		Debug|Any CPU = Debug|Any CPU
		Release|Any CPU = Release|Any CPU
	EndGlobalSection
	GlobalSection(ProjectConfigurationPlatforms) = postSolution
		{57D111B4-22B4-6CA1-C350-5090EBF41DC0}.Debug|Any CPU.ActiveCfg = Debug|Any CPU
		{57D111B4-22B4-6CA1-C350-5090EBF41DC0}.Debug|Any CPU.Build.0 = Debug|Any CPU
		{57D111B4-22B4-6CA1-C350-5090EBF41DC0}.Release|Any CPU.ActiveCfg = Release|Any CPU
		{57D111B4-22B4-6CA1-C350-5090EBF41DC0}.Release|Any CPU.Build.0 = Release|Any CPU
		{8543BC6F-FEC6-BDFC-0BD5-AB0B4E96C57B}.Debug|Any CPU.ActiveCfg = Debug|Any CPU
		{8543BC6F-FEC6-BDFC-0BD5-AB0B4E96C57B}.Debug|Any CPU.Build.0 = Debug|Any CPU
		{8543BC6F-FEC6-BDFC-0BD5-AB0B4E96C57B}.Release|Any CPU.ActiveCfg = Release|Any CPU
		{8543BC6F-FEC6-BDFC-0BD5-AB0B4E96C57B}.Release|Any CPU.Build.0 = Release|Any CPU
		{0E07D9BD-8418-6FA4-7A89-7F6CB0E9C8B1}.Debug|Any CPU.ActiveCfg = Debug|Any CPU
		{0E07D9BD-8418-6FA4-7A89-7F6CB0E9C8B1}.Debug|Any CPU.Build.0 = Debug|Any CPU
		{0E07D9BD-8418-6FA4-7A89-7F6CB0E9C8B1}.Release|Any CPU.ActiveCfg = Release|Any CPU
		{0E07D9BD-8418-6FA4-7A89-7F6CB0E9C8B1}.Release|Any CPU.Build.0 = Release|Any CPU
		{851245F3-9EDB-471B-CFC7-69E5338159B8}.Debug|Any CPU.ActiveCfg = Debug|Any CPU
		{851245F3-9EDB-471B-CFC7-69E5338159B8}.Debug|Any CPU.Build.0 = Debug|Any CPU
		{851245F3-9EDB-471B-CFC7-69E5338159B8}.Release|Any CPU.ActiveCfg = Release|Any CPU
		{851245F3-9EDB-471B-CFC7-69E5338159B8}.Release|Any CPU.Build.0 = Release|Any CPU
		{2FAE37F6-4F15-9B53-9276-F72D7B13B0A1}.Debug|Any CPU.ActiveCfg = Debug|Any CPU
		{2FAE37F6-4F15-9B53-9276-F72D7B13B0A1}.Debug|Any CPU.Build.0 = Debug|Any CPU
		{2FAE37F6-4F15-9B53-9276-F72D7B13B0A1}.Release|Any CPU.ActiveCfg = Release|Any CPU
		{2FAE37F6-4F15-9B53-9276-F72D7B13B0A1}.Release|Any CPU.Build.0 = Release|Any CPU
		{08A34834-D4C3-53DD-6264-CCC1F0737645}.Debug|Any CPU.ActiveCfg = Debug|Any CPU
		{08A34834-D4C3-53DD-6264-CCC1F0737645}.Debug|Any CPU.Build.0 = Debug|Any CPU
		{08A34834-D4C3-53DD-6264-CCC1F0737645}.Release|Any CPU.ActiveCfg = Release|Any CPU
		{08A34834-D4C3-53DD-6264-CCC1F0737645}.Release|Any CPU.Build.0 = Release|Any CPU
	EndGlobalSection
	GlobalSection(SolutionProperties) = preSolution
		HideSolutionNode = FALSE
	EndGlobalSection
EndGlobal
