
Microsoft Visual Studio Solution File, Format Version 12.00
# Visual Studio 15
Project("{FAE04EC0-301F-11D3-BF4B-00C04F79EFBC}") = "Unity.Model", "Unity.Model.csproj", "{57D111B4-22B4-6CA1-C350-5090EBF41DC0}"
EndProject
Project("{FAE04EC0-301F-11D3-BF4B-00C04F79EFBC}") = "Unity.Plugin", "Unity.Plugin.csproj", "{5EA2499E-1565-15A6-B023-5851A150FF4C}"
EndProject
Project("{FAE04EC0-301F-11D3-BF4B-00C04F79EFBC}") = "Unity.Hotfix", "Unity.Hotfix.csproj", "{8543BC6F-FEC6-BDFC-0BD5-AB0B4E96C57B}"
EndProject
Project("{FAE04EC0-301F-11D3-BF4B-00C04F79EFBC}") = "Unity.Editor", "Unity.Editor.csproj", "{08A34834-D4C3-53DD-6264-CCC1F0737645}"
EndProject
Global
	GlobalSection(SolutionConfigurationPlatforms) = preSolution
		Debug|Any CPU = Debug|Any CPU
		Release|Any CPU = Release|Any CPU
	EndGlobalSection
	GlobalSection(ProjectConfigurationPlatforms) = postSolution
		{57D111B4-22B4-6CA1-C350-5090EBF41DC0}.Debug|Any CPU.ActiveCfg = Debug|Any CPU
		{57D111B4-22B4-6CA1-C350-5090EBF41DC0}.Debug|Any CPU.Build.0 = Debug|Any CPU
		{57D111B4-22B4-6CA1-C350-5090EBF41DC0}.Release|Any CPU.ActiveCfg = Release|Any CPU
		{57D111B4-22B4-6CA1-C350-5090EBF41DC0}.Release|Any CPU.Build.0 = Release|Any CPU
		{5EA2499E-1565-15A6-B023-5851A150FF4C}.Debug|Any CPU.ActiveCfg = Debug|Any CPU
		{5EA2499E-1565-15A6-B023-5851A150FF4C}.Debug|Any CPU.Build.0 = Debug|Any CPU
		{5EA2499E-1565-15A6-B023-5851A150FF4C}.Release|Any CPU.ActiveCfg = Release|Any CPU
		{5EA2499E-1565-15A6-B023-5851A150FF4C}.Release|Any CPU.Build.0 = Release|Any CPU
		{8543BC6F-FEC6-BDFC-0BD5-AB0B4E96C57B}.Debug|Any CPU.ActiveCfg = Debug|Any CPU
		{8543BC6F-FEC6-BDFC-0BD5-AB0B4E96C57B}.Debug|Any CPU.Build.0 = Debug|Any CPU
		{8543BC6F-FEC6-BDFC-0BD5-AB0B4E96C57B}.Release|Any CPU.ActiveCfg = Release|Any CPU
		{8543BC6F-FEC6-BDFC-0BD5-AB0B4E96C57B}.Release|Any CPU.Build.0 = Release|Any CPU
		{08A34834-D4C3-53DD-6264-CCC1F0737645}.Debug|Any CPU.ActiveCfg = Debug|Any CPU
		{08A34834-D4C3-53DD-6264-CCC1F0737645}.Debug|Any CPU.Build.0 = Debug|Any CPU
		{08A34834-D4C3-53DD-6264-CCC1F0737645}.Release|Any CPU.ActiveCfg = Release|Any CPU
		{08A34834-D4C3-53DD-6264-CCC1F0737645}.Release|Any CPU.Build.0 = Release|Any CPU
	EndGlobalSection
	GlobalSection(SolutionProperties) = preSolution
		HideSolutionNode = FALSE
	EndGlobalSection
EndGlobal
